
Microsoft Visual Studio Solution File, Format Version 12.00
# Visual Studio Version 17
VisualStudioVersion = 17.0.31903.59
MinimumVisualStudioVersion = 10.0.40219.1
Project("{2150E333-8FDC-42A3-9474-1A3956D46DE8}") = "src", "src", "{827E0CD3-B72D-47B6-A68D-7590B98EB39B}"
EndProject
Project("{FAE04EC0-301F-11D3-BF4B-00C04F79EFBC}") = "PrmDashboard.Shared", "src\PrmDashboard.Shared\PrmDashboard.Shared.csproj", "{DB695CC9-26FE-468D-A7A7-461A66846D90}"
EndProject
Project("{FAE04EC0-301F-11D3-BF4B-00C04F79EFBC}") = "PrmDashboard.AuthService", "src\PrmDashboard.AuthService\PrmDashboard.AuthService.csproj", "{931D0832-19D7-437A-ABD3-100E28F7FEBF}"
EndProject
Project("{FAE04EC0-301F-11D3-BF4B-00C04F79EFBC}") = "PrmDashboard.TenantService", "src\PrmDashboard.TenantService\PrmDashboard.TenantService.csproj", "{DD7B5828-63F9-49CD-92E1-8C85857F195E}"
EndProject
Project("{FAE04EC0-301F-11D3-BF4B-00C04F79EFBC}") = "PrmDashboard.PrmService", "src\PrmDashboard.PrmService\PrmDashboard.PrmService.csproj", "{C3713C1E-8F23-49A2-AA6B-03EF6221782B}"
EndProject
Project("{FAE04EC0-301F-11D3-BF4B-00C04F79EFBC}") = "PrmDashboard.Gateway", "src\PrmDashboard.Gateway\PrmDashboard.Gateway.csproj", "{18FEB6B5-8341-4EE8-AF3C-D777C0B7B564}"
EndProject
Project("{2150E333-8FDC-42A3-9474-1A3956D46DE8}") = "tests", "tests", "{0AB3BF05-4346-4AA6-1389-037BE0695223}"
EndProject
Project("{FAE04EC0-301F-11D3-BF4B-00C04F79EFBC}") = "PrmDashboard.Tests", "tests\PrmDashboard.Tests\PrmDashboard.Tests.csproj", "{9F111062-0ED3-4186-AC96-F47F23A99460}"
EndProject
Global
	GlobalSection(SolutionConfigurationPlatforms) = preSolution
		Debug|Any CPU = Debug|Any CPU
		Debug|x64 = Debug|x64
		Debug|x86 = Debug|x86
		Release|Any CPU = Release|Any CPU
		Release|x64 = Release|x64
		Release|x86 = Release|x86
	EndGlobalSection
	GlobalSection(ProjectConfigurationPlatforms) = postSolution
		{DB695CC9-26FE-468D-A7A7-461A66846D90}.Debug|Any CPU.ActiveCfg = Debug|Any CPU
		{DB695CC9-26FE-468D-A7A7-461A66846D90}.Debug|Any CPU.Build.0 = Debug|Any CPU
		{DB695CC9-26FE-468D-A7A7-461A66846D90}.Debug|x64.ActiveCfg = Debug|Any CPU
		{DB695CC9-26FE-468D-A7A7-461A66846D90}.Debug|x64.Build.0 = Debug|Any CPU
		{DB695CC9-26FE-468D-A7A7-461A66846D90}.Debug|x86.ActiveCfg = Debug|Any CPU
		{DB695CC9-26FE-468D-A7A7-461A66846D90}.Debug|x86.Build.0 = Debug|Any CPU
		{DB695CC9-26FE-468D-A7A7-461A66846D90}.Release|Any CPU.ActiveCfg = Release|Any CPU
		{DB695CC9-26FE-468D-A7A7-461A66846D90}.Release|Any CPU.Build.0 = Release|Any CPU
		{DB695CC9-26FE-468D-A7A7-461A66846D90}.Release|x64.ActiveCfg = Release|Any CPU
		{DB695CC9-26FE-468D-A7A7-461A66846D90}.Release|x64.Build.0 = Release|Any CPU
		{DB695CC9-26FE-468D-A7A7-461A66846D90}.Release|x86.ActiveCfg = Release|Any CPU
		{DB695CC9-26FE-468D-A7A7-461A66846D90}.Release|x86.Build.0 = Release|Any CPU
		{931D0832-19D7-437A-ABD3-100E28F7FEBF}.Debug|Any CPU.ActiveCfg = Debug|Any CPU
		{931D0832-19D7-437A-ABD3-100E28F7FEBF}.Debug|Any CPU.Build.0 = Debug|Any CPU
		{931D0832-19D7-437A-ABD3-100E28F7FEBF}.Debug|x64.ActiveCfg = Debug|Any CPU
		{931D0832-19D7-437A-ABD3-100E28F7FEBF}.Debug|x64.Build.0 = Debug|Any CPU
		{931D0832-19D7-437A-ABD3-100E28F7FEBF}.Debug|x86.ActiveCfg = Debug|Any CPU
		{931D0832-19D7-437A-ABD3-100E28F7FEBF}.Debug|x86.Build.0 = Debug|Any CPU
		{931D0832-19D7-437A-ABD3-100E28F7FEBF}.Release|Any CPU.ActiveCfg = Release|Any CPU
		{931D0832-19D7-437A-ABD3-100E28F7FEBF}.Release|Any CPU.Build.0 = Release|Any CPU
		{931D0832-19D7-437A-ABD3-100E28F7FEBF}.Release|x64.ActiveCfg = Release|Any CPU
		{931D0832-19D7-437A-ABD3-100E28F7FEBF}.Release|x64.Build.0 = Release|Any CPU
		{931D0832-19D7-437A-ABD3-100E28F7FEBF}.Release|x86.ActiveCfg = Release|Any CPU
		{931D0832-19D7-437A-ABD3-100E28F7FEBF}.Release|x86.Build.0 = Release|Any CPU
		{DD7B5828-63F9-49CD-92E1-8C85857F195E}.Debug|Any CPU.ActiveCfg = Debug|Any CPU
		{DD7B5828-63F9-49CD-92E1-8C85857F195E}.Debug|Any CPU.Build.0 = Debug|Any CPU
		{DD7B5828-63F9-49CD-92E1-8C85857F195E}.Debug|x64.ActiveCfg = Debug|Any CPU
		{DD7B5828-63F9-49CD-92E1-8C85857F195E}.Debug|x64.Build.0 = Debug|Any CPU
		{DD7B5828-63F9-49CD-92E1-8C85857F195E}.Debug|x86.ActiveCfg = Debug|Any CPU
		{DD7B5828-63F9-49CD-92E1-8C85857F195E}.Debug|x86.Build.0 = Debug|Any CPU
		{DD7B5828-63F9-49CD-92E1-8C85857F195E}.Release|Any CPU.ActiveCfg = Release|Any CPU
		{DD7B5828-63F9-49CD-92E1-8C85857F195E}.Release|Any CPU.Build.0 = Release|Any CPU
		{DD7B5828-63F9-49CD-92E1-8C85857F195E}.Release|x64.ActiveCfg = Release|Any CPU
		{DD7B5828-63F9-49CD-92E1-8C85857F195E}.Release|x64.Build.0 = Release|Any CPU
		{DD7B5828-63F9-49CD-92E1-8C85857F195E}.Release|x86.ActiveCfg = Release|Any CPU
		{DD7B5828-63F9-49CD-92E1-8C85857F195E}.Release|x86.Build.0 = Release|Any CPU
		{C3713C1E-8F23-49A2-AA6B-03EF6221782B}.Debug|Any CPU.ActiveCfg = Debug|Any CPU
		{C3713C1E-8F23-49A2-AA6B-03EF6221782B}.Debug|Any CPU.Build.0 = Debug|Any CPU
		{C3713C1E-8F23-49A2-AA6B-03EF6221782B}.Debug|x64.ActiveCfg = Debug|Any CPU
		{C3713C1E-8F23-49A2-AA6B-03EF6221782B}.Debug|x64.Build.0 = Debug|Any CPU
		{C3713C1E-8F23-49A2-AA6B-03EF6221782B}.Debug|x86.ActiveCfg = Debug|Any CPU
		{C3713C1E-8F23-49A2-AA6B-03EF6221782B}.Debug|x86.Build.0 = Debug|Any CPU
		{C3713C1E-8F23-49A2-AA6B-03EF6221782B}.Release|Any CPU.ActiveCfg = Release|Any CPU
		{C3713C1E-8F23-49A2-AA6B-03EF6221782B}.Release|Any CPU.Build.0 = Release|Any CPU
		{C3713C1E-8F23-49A2-AA6B-03EF6221782B}.Release|x64.ActiveCfg = Release|Any CPU
		{C3713C1E-8F23-49A2-AA6B-03EF6221782B}.Release|x64.Build.0 = Release|Any CPU
		{C3713C1E-8F23-49A2-AA6B-03EF6221782B}.Release|x86.ActiveCfg = Release|Any CPU
		{C3713C1E-8F23-49A2-AA6B-03EF6221782B}.Release|x86.Build.0 = Release|Any CPU
		{18FEB6B5-8341-4EE8-AF3C-D777C0B7B564}.Debug|Any CPU.ActiveCfg = Debug|Any CPU
		{18FEB6B5-8341-4EE8-AF3C-D777C0B7B564}.Debug|Any CPU.Build.0 = Debug|Any CPU
		{18FEB6B5-8341-4EE8-AF3C-D777C0B7B564}.Debug|x64.ActiveCfg = Debug|Any CPU
		{18FEB6B5-8341-4EE8-AF3C-D777C0B7B564}.Debug|x64.Build.0 = Debug|Any CPU
		{18FEB6B5-8341-4EE8-AF3C-D777C0B7B564}.Debug|x86.ActiveCfg = Debug|Any CPU
		{18FEB6B5-8341-4EE8-AF3C-D777C0B7B564}.Debug|x86.Build.0 = Debug|Any CPU
		{18FEB6B5-8341-4EE8-AF3C-D777C0B7B564}.Release|Any CPU.ActiveCfg = Release|Any CPU
		{18FEB6B5-8341-4EE8-AF3C-D777C0B7B564}.Release|Any CPU.Build.0 = Release|Any CPU
		{18FEB6B5-8341-4EE8-AF3C-D777C0B7B564}.Release|x64.ActiveCfg = Release|Any CPU
		{18FEB6B5-8341-4EE8-AF3C-D777C0B7B564}.Release|x64.Build.0 = Release|Any CPU
		{18FEB6B5-8341-4EE8-AF3C-D777C0B7B564}.Release|x86.ActiveCfg = Release|Any CPU
		{18FEB6B5-8341-4EE8-AF3C-D777C0B7B564}.Release|x86.Build.0 = Release|Any CPU
		{9F111062-0ED3-4186-AC96-F47F23A99460}.Debug|Any CPU.ActiveCfg = Debug|Any CPU
		{9F111062-0ED3-4186-AC96-F47F23A99460}.Debug|Any CPU.Build.0 = Debug|Any CPU
		{9F111062-0ED3-4186-AC96-F47F23A99460}.Debug|x64.ActiveCfg = Debug|Any CPU
		{9F111062-0ED3-4186-AC96-F47F23A99460}.Debug|x64.Build.0 = Debug|Any CPU
		{9F111062-0ED3-4186-AC96-F47F23A99460}.Debug|x86.ActiveCfg = Debug|Any CPU
		{9F111062-0ED3-4186-AC96-F47F23A99460}.Debug|x86.Build.0 = Debug|Any CPU
		{9F111062-0ED3-4186-AC96-F47F23A99460}.Release|Any CPU.ActiveCfg = Release|Any CPU
		{9F111062-0ED3-4186-AC96-F47F23A99460}.Release|Any CPU.Build.0 = Release|Any CPU
		{9F111062-0ED3-4186-AC96-F47F23A99460}.Release|x64.ActiveCfg = Release|Any CPU
		{9F111062-0ED3-4186-AC96-F47F23A99460}.Release|x64.Build.0 = Release|Any CPU
		{9F111062-0ED3-4186-AC96-F47F23A99460}.Release|x86.ActiveCfg = Release|Any CPU
		{9F111062-0ED3-4186-AC96-F47F23A99460}.Release|x86.Build.0 = Release|Any CPU
	EndGlobalSection
	GlobalSection(SolutionProperties) = preSolution
		HideSolutionNode = FALSE
	EndGlobalSection
	GlobalSection(NestedProjects) = preSolution
		{DB695CC9-26FE-468D-A7A7-461A66846D90} = {827E0CD3-B72D-47B6-A68D-7590B98EB39B}
		{931D0832-19D7-437A-ABD3-100E28F7FEBF} = {827E0CD3-B72D-47B6-A68D-7590B98EB39B}
		{DD7B5828-63F9-49CD-92E1-8C85857F195E} = {827E0CD3-B72D-47B6-A68D-7590B98EB39B}
		{C3713C1E-8F23-49A2-AA6B-03EF6221782B} = {827E0CD3-B72D-47B6-A68D-7590B98EB39B}
		{18FEB6B5-8341-4EE8-AF3C-D777C0B7B564} = {827E0CD3-B72D-47B6-A68D-7590B98EB39B}
		{9F111062-0ED3-4186-AC96-F47F23A99460} = {0AB3BF05-4346-4AA6-1389-037BE0695223}
	EndGlobalSection
EndGlobal
